// !$*UTF8*$!
{
	archiveVersion = 1;
	classes = {
	};
	objectVersion = 46;
	objects = {

/* Begin PBXBuildFile section */
		505B91A71A98C47D00CBC00D /* MapKit.framework in Frameworks */ = {isa = PBXBuildFile; fileRef = 505B91A61A98C47D00CBC00D /* MapKit.framework */; };
		505B91AA1A98C85400CBC00D /* AddNewMissionViewController.m in Sources */ = {isa = PBXBuildFile; fileRef = 505B91A91A98C85400CBC00D /* AddNewMissionViewController.m */; };
		50CEB5BC1A988D5700C920AA /* main.m in Sources */ = {isa = PBXBuildFile; fileRef = 50CEB5BB1A988D5700C920AA /* main.m */; };
		50CEB5BF1A988D5800C920AA /* AppDelegate.m in Sources */ = {isa = PBXBuildFile; fileRef = 50CEB5BE1A988D5700C920AA /* AppDelegate.m */; };
		50CEB5C51A988D5800C920AA /* Main.storyboard in Resources */ = {isa = PBXBuildFile; fileRef = 50CEB5C31A988D5800C920AA /* Main.storyboard */; };
		50CEB5C71A988D5800C920AA /* Images.xcassets in Resources */ = {isa = PBXBuildFile; fileRef = 50CEB5C61A988D5800C920AA /* Images.xcassets */; };
		50CEB5CA1A988D5800C920AA /* LaunchScreen.xib in Resources */ = {isa = PBXBuildFile; fileRef = 50CEB5C81A988D5800C920AA /* LaunchScreen.xib */; };
		50CEB5D61A988D5800C920AA /* hull_scoutTests.m in Sources */ = {isa = PBXBuildFile; fileRef = 50CEB5D51A988D5800C920AA /* hull_scoutTests.m */; };
		50CEB5E11A98960B00C920AA /* FacebookSDK.framework in Frameworks */ = {isa = PBXBuildFile; fileRef = 50CEB5E01A98960B00C920AA /* FacebookSDK.framework */; };
		50CEB5E31A98983500C920AA /* Parse.framework in Frameworks */ = {isa = PBXBuildFile; fileRef = 50CEB5E21A98983500C920AA /* Parse.framework */; };
		50CEB5E51A98984800C920AA /* AudioToolbox.framework in Frameworks */ = {isa = PBXBuildFile; fileRef = 50CEB5E41A98984800C920AA /* AudioToolbox.framework */; };
		50CEB5E71A98984E00C920AA /* CFNetwork.framework in Frameworks */ = {isa = PBXBuildFile; fileRef = 50CEB5E61A98984E00C920AA /* CFNetwork.framework */; };
		50CEB5E91A98985400C920AA /* CoreGraphics.framework in Frameworks */ = {isa = PBXBuildFile; fileRef = 50CEB5E81A98985400C920AA /* CoreGraphics.framework */; };
		50CEB5EB1A98985B00C920AA /* CoreLocation.framework in Frameworks */ = {isa = PBXBuildFile; fileRef = 50CEB5EA1A98985B00C920AA /* CoreLocation.framework */; };
		50CEB5ED1A98989D00C920AA /* MobileCoreServices.framework in Frameworks */ = {isa = PBXBuildFile; fileRef = 50CEB5EC1A98989D00C920AA /* MobileCoreServices.framework */; };
		50CEB5EF1A9898A600C920AA /* QuartzCore.framework in Frameworks */ = {isa = PBXBuildFile; fileRef = 50CEB5EE1A9898A600C920AA /* QuartzCore.framework */; };
		50CEB5F11A9898AC00C920AA /* Security.framework in Frameworks */ = {isa = PBXBuildFile; fileRef = 50CEB5F01A9898AC00C920AA /* Security.framework */; };
		50CEB5F31A9898B200C920AA /* StoreKit.framework in Frameworks */ = {isa = PBXBuildFile; fileRef = 50CEB5F21A9898B200C920AA /* StoreKit.framework */; };
		50CEB5F51A9898B700C920AA /* SystemConfiguration.framework in Frameworks */ = {isa = PBXBuildFile; fileRef = 50CEB5F41A9898B700C920AA /* SystemConfiguration.framework */; };
		50CEB5F71A9898C000C920AA /* libz.dylib in Frameworks */ = {isa = PBXBuildFile; fileRef = 50CEB5F61A9898C000C920AA /* libz.dylib */; };
		50CEB5F91A9898C700C920AA /* libsqlite3.dylib in Frameworks */ = {isa = PBXBuildFile; fileRef = 50CEB5F81A9898C700C920AA /* libsqlite3.dylib */; };
		50CEB5FC1A9899A700C920AA /* LoginViewController.m in Sources */ = {isa = PBXBuildFile; fileRef = 50CEB5FB1A9899A700C920AA /* LoginViewController.m */; };
		50CEB5FE1A989B9A00C920AA /* ParseFacebookUtils.framework in Frameworks */ = {isa = PBXBuildFile; fileRef = 50CEB5FD1A989B9A00C920AA /* ParseFacebookUtils.framework */; };
		50CEB6021A98AA9100C920AA /* HomeProfileViewController.m in Sources */ = {isa = PBXBuildFile; fileRef = 50CEB6011A98AA9100C920AA /* HomeProfileViewController.m */; };
/* End PBXBuildFile section */

/* Begin PBXContainerItemProxy section */
		50CEB5D01A988D5800C920AA /* PBXContainerItemProxy */ = {
			isa = PBXContainerItemProxy;
			containerPortal = 50CEB5AE1A988D5700C920AA /* Project object */;
			proxyType = 1;
			remoteGlobalIDString = 50CEB5B51A988D5700C920AA;
			remoteInfo = "hull-scout";
		};
/* End PBXContainerItemProxy section */

/* Begin PBXFileReference section */
		505B91A61A98C47D00CBC00D /* MapKit.framework */ = {isa = PBXFileReference; lastKnownFileType = wrapper.framework; name = MapKit.framework; path = System/Library/Frameworks/MapKit.framework; sourceTree = SDKROOT; };
		505B91A81A98C85400CBC00D /* AddNewMissionViewController.h */ = {isa = PBXFileReference; fileEncoding = 4; lastKnownFileType = sourcecode.c.h; path = AddNewMissionViewController.h; sourceTree = "<group>"; };
		505B91A91A98C85400CBC00D /* AddNewMissionViewController.m */ = {isa = PBXFileReference; fileEncoding = 4; lastKnownFileType = sourcecode.c.objc; path = AddNewMissionViewController.m; sourceTree = "<group>"; };
		50CEB5B61A988D5700C920AA /* hull-scout.app */ = {isa = PBXFileReference; explicitFileType = wrapper.application; includeInIndex = 0; path = "hull-scout.app"; sourceTree = BUILT_PRODUCTS_DIR; };
		50CEB5BA1A988D5700C920AA /* Info.plist */ = {isa = PBXFileReference; lastKnownFileType = text.plist.xml; path = Info.plist; sourceTree = "<group>"; };
		50CEB5BB1A988D5700C920AA /* main.m */ = {isa = PBXFileReference; lastKnownFileType = sourcecode.c.objc; path = main.m; sourceTree = "<group>"; };
		50CEB5BD1A988D5700C920AA /* AppDelegate.h */ = {isa = PBXFileReference; lastKnownFileType = sourcecode.c.h; path = AppDelegate.h; sourceTree = "<group>"; };
		50CEB5BE1A988D5700C920AA /* AppDelegate.m */ = {isa = PBXFileReference; lastKnownFileType = sourcecode.c.objc; path = AppDelegate.m; sourceTree = "<group>"; };
		50CEB5C41A988D5800C920AA /* Base */ = {isa = PBXFileReference; lastKnownFileType = file.storyboard; name = Base; path = Base.lproj/Main.storyboard; sourceTree = "<group>"; };
		50CEB5C61A988D5800C920AA /* Images.xcassets */ = {isa = PBXFileReference; lastKnownFileType = folder.assetcatalog; path = Images.xcassets; sourceTree = "<group>"; };
		50CEB5C91A988D5800C920AA /* Base */ = {isa = PBXFileReference; lastKnownFileType = file.xib; name = Base; path = Base.lproj/LaunchScreen.xib; sourceTree = "<group>"; };
		50CEB5CF1A988D5800C920AA /* hull-scoutTests.xctest */ = {isa = PBXFileReference; explicitFileType = wrapper.cfbundle; includeInIndex = 0; path = "hull-scoutTests.xctest"; sourceTree = BUILT_PRODUCTS_DIR; };
		50CEB5D41A988D5800C920AA /* Info.plist */ = {isa = PBXFileReference; lastKnownFileType = text.plist.xml; path = Info.plist; sourceTree = "<group>"; };
		50CEB5D51A988D5800C920AA /* hull_scoutTests.m */ = {isa = PBXFileReference; lastKnownFileType = sourcecode.c.objc; path = hull_scoutTests.m; sourceTree = "<group>"; };
		50CEB5E01A98960B00C920AA /* FacebookSDK.framework */ = {isa = PBXFileReference; lastKnownFileType = wrapper.framework; name = FacebookSDK.framework; path = ../../../../Documents/FacebookSDK/FacebookSDK.framework; sourceTree = "<group>"; };
		50CEB5E21A98983500C920AA /* Parse.framework */ = {isa = PBXFileReference; lastKnownFileType = wrapper.framework; path = Parse.framework; sourceTree = "<group>"; };
		50CEB5E41A98984800C920AA /* AudioToolbox.framework */ = {isa = PBXFileReference; lastKnownFileType = wrapper.framework; name = AudioToolbox.framework; path = System/Library/Frameworks/AudioToolbox.framework; sourceTree = SDKROOT; };
		50CEB5E61A98984E00C920AA /* CFNetwork.framework */ = {isa = PBXFileReference; lastKnownFileType = wrapper.framework; name = CFNetwork.framework; path = System/Library/Frameworks/CFNetwork.framework; sourceTree = SDKROOT; };
		50CEB5E81A98985400C920AA /* CoreGraphics.framework */ = {isa = PBXFileReference; lastKnownFileType = wrapper.framework; name = CoreGraphics.framework; path = System/Library/Frameworks/CoreGraphics.framework; sourceTree = SDKROOT; };
		50CEB5EA1A98985B00C920AA /* CoreLocation.framework */ = {isa = PBXFileReference; lastKnownFileType = wrapper.framework; name = CoreLocation.framework; path = System/Library/Frameworks/CoreLocation.framework; sourceTree = SDKROOT; };
		50CEB5EC1A98989D00C920AA /* MobileCoreServices.framework */ = {isa = PBXFileReference; lastKnownFileType = wrapper.framework; name = MobileCoreServices.framework; path = System/Library/Frameworks/MobileCoreServices.framework; sourceTree = SDKROOT; };
		50CEB5EE1A9898A600C920AA /* QuartzCore.framework */ = {isa = PBXFileReference; lastKnownFileType = wrapper.framework; name = QuartzCore.framework; path = System/Library/Frameworks/QuartzCore.framework; sourceTree = SDKROOT; };
		50CEB5F01A9898AC00C920AA /* Security.framework */ = {isa = PBXFileReference; lastKnownFileType = wrapper.framework; name = Security.framework; path = System/Library/Frameworks/Security.framework; sourceTree = SDKROOT; };
		50CEB5F21A9898B200C920AA /* StoreKit.framework */ = {isa = PBXFileReference; lastKnownFileType = wrapper.framework; name = StoreKit.framework; path = System/Library/Frameworks/StoreKit.framework; sourceTree = SDKROOT; };
		50CEB5F41A9898B700C920AA /* SystemConfiguration.framework */ = {isa = PBXFileReference; lastKnownFileType = wrapper.framework; name = SystemConfiguration.framework; path = System/Library/Frameworks/SystemConfiguration.framework; sourceTree = SDKROOT; };
		50CEB5F61A9898C000C920AA /* libz.dylib */ = {isa = PBXFileReference; lastKnownFileType = "compiled.mach-o.dylib"; name = libz.dylib; path = usr/lib/libz.dylib; sourceTree = SDKROOT; };
		50CEB5F81A9898C700C920AA /* libsqlite3.dylib */ = {isa = PBXFileReference; lastKnownFileType = "compiled.mach-o.dylib"; name = libsqlite3.dylib; path = usr/lib/libsqlite3.dylib; sourceTree = SDKROOT; };
		50CEB5FA1A9899A700C920AA /* LoginViewController.h */ = {isa = PBXFileReference; fileEncoding = 4; lastKnownFileType = sourcecode.c.h; path = LoginViewController.h; sourceTree = "<group>"; };
		50CEB5FB1A9899A700C920AA /* LoginViewController.m */ = {isa = PBXFileReference; fileEncoding = 4; lastKnownFileType = sourcecode.c.objc; path = LoginViewController.m; sourceTree = "<group>"; };
		50CEB5FD1A989B9A00C920AA /* ParseFacebookUtils.framework */ = {isa = PBXFileReference; lastKnownFileType = wrapper.framework; path = ParseFacebookUtils.framework; sourceTree = "<group>"; };
		50CEB6001A98AA9100C920AA /* HomeProfileViewController.h */ = {isa = PBXFileReference; fileEncoding = 4; lastKnownFileType = sourcecode.c.h; path = HomeProfileViewController.h; sourceTree = "<group>"; };
		50CEB6011A98AA9100C920AA /* HomeProfileViewController.m */ = {isa = PBXFileReference; fileEncoding = 4; lastKnownFileType = sourcecode.c.objc; path = HomeProfileViewController.m; sourceTree = "<group>"; };
/* End PBXFileReference section */

/* Begin PBXFrameworksBuildPhase section */
		50CEB5B31A988D5700C920AA /* Frameworks */ = {
			isa = PBXFrameworksBuildPhase;
			buildActionMask = 2147483647;
			files = (
				505B91A71A98C47D00CBC00D /* MapKit.framework in Frameworks */,
				50CEB5FE1A989B9A00C920AA /* ParseFacebookUtils.framework in Frameworks */,
				50CEB5F91A9898C700C920AA /* libsqlite3.dylib in Frameworks */,
				50CEB5F71A9898C000C920AA /* libz.dylib in Frameworks */,
				50CEB5F51A9898B700C920AA /* SystemConfiguration.framework in Frameworks */,
				50CEB5F31A9898B200C920AA /* StoreKit.framework in Frameworks */,
				50CEB5F11A9898AC00C920AA /* Security.framework in Frameworks */,
				50CEB5EF1A9898A600C920AA /* QuartzCore.framework in Frameworks */,
				50CEB5ED1A98989D00C920AA /* MobileCoreServices.framework in Frameworks */,
				50CEB5EB1A98985B00C920AA /* CoreLocation.framework in Frameworks */,
				50CEB5E91A98985400C920AA /* CoreGraphics.framework in Frameworks */,
				50CEB5E71A98984E00C920AA /* CFNetwork.framework in Frameworks */,
				50CEB5E51A98984800C920AA /* AudioToolbox.framework in Frameworks */,
				50CEB5E31A98983500C920AA /* Parse.framework in Frameworks */,
				50CEB5E11A98960B00C920AA /* FacebookSDK.framework in Frameworks */,
			);
			runOnlyForDeploymentPostprocessing = 0;
		};
		50CEB5CC1A988D5800C920AA /* Frameworks */ = {
			isa = PBXFrameworksBuildPhase;
			buildActionMask = 2147483647;
			files = (
			);
			runOnlyForDeploymentPostprocessing = 0;
		};
/* End PBXFrameworksBuildPhase section */

/* Begin PBXGroup section */
		50CEB5AD1A988D5700C920AA = {
			isa = PBXGroup;
			children = (
				50CEB5FF1A98AA7700C920AA /* Frameworks */,
				50CEB5B81A988D5700C920AA /* hull-scout */,
				50CEB5D21A988D5800C920AA /* hull-scoutTests */,
				50CEB5B71A988D5700C920AA /* Products */,
			);
			sourceTree = "<group>";
		};
		50CEB5B71A988D5700C920AA /* Products */ = {
			isa = PBXGroup;
			children = (
				50CEB5B61A988D5700C920AA /* hull-scout.app */,
				50CEB5CF1A988D5800C920AA /* hull-scoutTests.xctest */,
			);
			name = Products;
			sourceTree = "<group>";
		};
		50CEB5B81A988D5700C920AA /* hull-scout */ = {
			isa = PBXGroup;
			children = (
				50CEB5DF1A9892ED00C920AA /* View Controllers */,
				50CEB5BD1A988D5700C920AA /* AppDelegate.h */,
				50CEB5BE1A988D5700C920AA /* AppDelegate.m */,
				50CEB5C31A988D5800C920AA /* Main.storyboard */,
				50CEB5C61A988D5800C920AA /* Images.xcassets */,
				50CEB5C81A988D5800C920AA /* LaunchScreen.xib */,
				50CEB5B91A988D5700C920AA /* Supporting Files */,
			);
			path = "hull-scout";
			sourceTree = "<group>";
		};
		50CEB5B91A988D5700C920AA /* Supporting Files */ = {
			isa = PBXGroup;
			children = (
				50CEB5BA1A988D5700C920AA /* Info.plist */,
				50CEB5BB1A988D5700C920AA /* main.m */,
			);
			name = "Supporting Files";
			sourceTree = "<group>";
		};
		50CEB5D21A988D5800C920AA /* hull-scoutTests */ = {
			isa = PBXGroup;
			children = (
				50CEB5D51A988D5800C920AA /* hull_scoutTests.m */,
				50CEB5D31A988D5800C920AA /* Supporting Files */,
			);
			path = "hull-scoutTests";
			sourceTree = "<group>";
		};
		50CEB5D31A988D5800C920AA /* Supporting Files */ = {
			isa = PBXGroup;
			children = (
				50CEB5D41A988D5800C920AA /* Info.plist */,
			);
			name = "Supporting Files";
			sourceTree = "<group>";
		};
		50CEB5DF1A9892ED00C920AA /* View Controllers */ = {
			isa = PBXGroup;
			children = (
				50CEB5FA1A9899A700C920AA /* LoginViewController.h */,
				50CEB5FB1A9899A700C920AA /* LoginViewController.m */,
				50CEB6001A98AA9100C920AA /* HomeProfileViewController.h */,
				50CEB6011A98AA9100C920AA /* HomeProfileViewController.m */,
				505B91A81A98C85400CBC00D /* AddNewMissionViewController.h */,
				505B91A91A98C85400CBC00D /* AddNewMissionViewController.m */,
			);
			name = "View Controllers";
			sourceTree = "<group>";
		};
		50CEB5FF1A98AA7700C920AA /* Frameworks */ = {
			isa = PBXGroup;
			children = (
				505B91A61A98C47D00CBC00D /* MapKit.framework */,
				50CEB5FD1A989B9A00C920AA /* ParseFacebookUtils.framework */,
				50CEB5F81A9898C700C920AA /* libsqlite3.dylib */,
				50CEB5F61A9898C000C920AA /* libz.dylib */,
				50CEB5F41A9898B700C920AA /* SystemConfiguration.framework */,
				50CEB5F21A9898B200C920AA /* StoreKit.framework */,
				50CEB5F01A9898AC00C920AA /* Security.framework */,
				50CEB5EE1A9898A600C920AA /* QuartzCore.framework */,
				50CEB5EC1A98989D00C920AA /* MobileCoreServices.framework */,
				50CEB5EA1A98985B00C920AA /* CoreLocation.framework */,
				50CEB5E81A98985400C920AA /* CoreGraphics.framework */,
				50CEB5E61A98984E00C920AA /* CFNetwork.framework */,
				50CEB5E41A98984800C920AA /* AudioToolbox.framework */,
				50CEB5E21A98983500C920AA /* Parse.framework */,
				50CEB5E01A98960B00C920AA /* FacebookSDK.framework */,
			);
			name = Frameworks;
			sourceTree = "<group>";
		};
/* End PBXGroup section */

/* Begin PBXNativeTarget section */
		50CEB5B51A988D5700C920AA /* hull-scout */ = {
			isa = PBXNativeTarget;
			buildConfigurationList = 50CEB5D91A988D5800C920AA /* Build configuration list for PBXNativeTarget "hull-scout" */;
			buildPhases = (
				50CEB5B21A988D5700C920AA /* Sources */,
				50CEB5B31A988D5700C920AA /* Frameworks */,
				50CEB5B41A988D5700C920AA /* Resources */,
			);
			buildRules = (
			);
			dependencies = (
			);
			name = "hull-scout";
			productName = "hull-scout";
			productReference = 50CEB5B61A988D5700C920AA /* hull-scout.app */;
			productType = "com.apple.product-type.application";
		};
		50CEB5CE1A988D5800C920AA /* hull-scoutTests */ = {
			isa = PBXNativeTarget;
			buildConfigurationList = 50CEB5DC1A988D5800C920AA /* Build configuration list for PBXNativeTarget "hull-scoutTests" */;
			buildPhases = (
				50CEB5CB1A988D5800C920AA /* Sources */,
				50CEB5CC1A988D5800C920AA /* Frameworks */,
				50CEB5CD1A988D5800C920AA /* Resources */,
			);
			buildRules = (
			);
			dependencies = (
				50CEB5D11A988D5800C920AA /* PBXTargetDependency */,
			);
			name = "hull-scoutTests";
			productName = "hull-scoutTests";
			productReference = 50CEB5CF1A988D5800C920AA /* hull-scoutTests.xctest */;
			productType = "com.apple.product-type.bundle.unit-test";
		};
/* End PBXNativeTarget section */

/* Begin PBXProject section */
		50CEB5AE1A988D5700C920AA /* Project object */ = {
			isa = PBXProject;
			attributes = {
				LastUpgradeCheck = 0600;
				ORGANIZATIONNAME = "Zaki Shaheen";
				TargetAttributes = {
					50CEB5B51A988D5700C920AA = {
						CreatedOnToolsVersion = 6.0.1;
					};
					50CEB5CE1A988D5800C920AA = {
						CreatedOnToolsVersion = 6.0.1;
						TestTargetID = 50CEB5B51A988D5700C920AA;
					};
				};
			};
			buildConfigurationList = 50CEB5B11A988D5700C920AA /* Build configuration list for PBXProject "hull-scout" */;
			compatibilityVersion = "Xcode 3.2";
			developmentRegion = English;
			hasScannedForEncodings = 0;
			knownRegions = (
				en,
				Base,
			);
			mainGroup = 50CEB5AD1A988D5700C920AA;
			productRefGroup = 50CEB5B71A988D5700C920AA /* Products */;
			projectDirPath = "";
			projectRoot = "";
			targets = (
				50CEB5B51A988D5700C920AA /* hull-scout */,
				50CEB5CE1A988D5800C920AA /* hull-scoutTests */,
			);
		};
/* End PBXProject section */

/* Begin PBXResourcesBuildPhase section */
		50CEB5B41A988D5700C920AA /* Resources */ = {
			isa = PBXResourcesBuildPhase;
			buildActionMask = 2147483647;
			files = (
				50CEB5C51A988D5800C920AA /* Main.storyboard in Resources */,
				50CEB5CA1A988D5800C920AA /* LaunchScreen.xib in Resources */,
				50CEB5C71A988D5800C920AA /* Images.xcassets in Resources */,
			);
			runOnlyForDeploymentPostprocessing = 0;
		};
		50CEB5CD1A988D5800C920AA /* Resources */ = {
			isa = PBXResourcesBuildPhase;
			buildActionMask = 2147483647;
			files = (
			);
			runOnlyForDeploymentPostprocessing = 0;
		};
/* End PBXResourcesBuildPhase section */

/* Begin PBXSourcesBuildPhase section */
		50CEB5B21A988D5700C920AA /* Sources */ = {
			isa = PBXSourcesBuildPhase;
			buildActionMask = 2147483647;
			files = (
				505B91AA1A98C85400CBC00D /* AddNewMissionViewController.m in Sources */,
				50CEB5BF1A988D5800C920AA /* AppDelegate.m in Sources */,
				50CEB5BC1A988D5700C920AA /* main.m in Sources */,
				50CEB5FC1A9899A700C920AA /* LoginViewController.m in Sources */,
				50CEB6021A98AA9100C920AA /* HomeProfileViewController.m in Sources */,
			);
			runOnlyForDeploymentPostprocessing = 0;
		};
		50CEB5CB1A988D5800C920AA /* Sources */ = {
			isa = PBXSourcesBuildPhase;
			buildActionMask = 2147483647;
			files = (
				50CEB5D61A988D5800C920AA /* hull_scoutTests.m in Sources */,
			);
			runOnlyForDeploymentPostprocessing = 0;
		};
/* End PBXSourcesBuildPhase section */

/* Begin PBXTargetDependency section */
		50CEB5D11A988D5800C920AA /* PBXTargetDependency */ = {
			isa = PBXTargetDependency;
			target = 50CEB5B51A988D5700C920AA /* hull-scout */;
			targetProxy = 50CEB5D01A988D5800C920AA /* PBXContainerItemProxy */;
		};
/* End PBXTargetDependency section */

/* Begin PBXVariantGroup section */
		50CEB5C31A988D5800C920AA /* Main.storyboard */ = {
			isa = PBXVariantGroup;
			children = (
				50CEB5C41A988D5800C920AA /* Base */,
			);
			name = Main.storyboard;
			sourceTree = "<group>";
		};
		50CEB5C81A988D5800C920AA /* LaunchScreen.xib */ = {
			isa = PBXVariantGroup;
			children = (
				50CEB5C91A988D5800C920AA /* Base */,
			);
			name = LaunchScreen.xib;
			sourceTree = "<group>";
		};
/* End PBXVariantGroup section */

/* Begin XCBuildConfiguration section */
		50CEB5D71A988D5800C920AA /* Debug */ = {
			isa = XCBuildConfiguration;
			buildSettings = {
				ALWAYS_SEARCH_USER_PATHS = NO;
				CLANG_CXX_LANGUAGE_STANDARD = "gnu++0x";
				CLANG_CXX_LIBRARY = "libc++";
				CLANG_ENABLE_MODULES = YES;
				CLANG_ENABLE_OBJC_ARC = YES;
				CLANG_WARN_BOOL_CONVERSION = YES;
				CLANG_WARN_CONSTANT_CONVERSION = YES;
				CLANG_WARN_DIRECT_OBJC_ISA_USAGE = YES_ERROR;
				CLANG_WARN_EMPTY_BODY = YES;
				CLANG_WARN_ENUM_CONVERSION = YES;
				CLANG_WARN_INT_CONVERSION = YES;
				CLANG_WARN_OBJC_ROOT_CLASS = YES_ERROR;
				CLANG_WARN_UNREACHABLE_CODE = YES;
				CLANG_WARN__DUPLICATE_METHOD_MATCH = YES;
				"CODE_SIGN_IDENTITY[sdk=iphoneos*]" = "iPhone Developer";
				COPY_PHASE_STRIP = NO;
				ENABLE_STRICT_OBJC_MSGSEND = YES;
				GCC_C_LANGUAGE_STANDARD = gnu99;
				GCC_DYNAMIC_NO_PIC = NO;
				GCC_OPTIMIZATION_LEVEL = 0;
				GCC_PREPROCESSOR_DEFINITIONS = (
					"DEBUG=1",
					"$(inherited)",
				);
				GCC_SYMBOLS_PRIVATE_EXTERN = NO;
				GCC_WARN_64_TO_32_BIT_CONVERSION = YES;
				GCC_WARN_ABOUT_RETURN_TYPE = YES_ERROR;
				GCC_WARN_UNDECLARED_SELECTOR = YES;
				GCC_WARN_UNINITIALIZED_AUTOS = YES_AGGRESSIVE;
				GCC_WARN_UNUSED_FUNCTION = YES;
				GCC_WARN_UNUSED_VARIABLE = YES;
				IPHONEOS_DEPLOYMENT_TARGET = 8.0;
				MTL_ENABLE_DEBUG_INFO = YES;
				ONLY_ACTIVE_ARCH = YES;
				SDKROOT = iphoneos;
			};
			name = Debug;
		};
		50CEB5D81A988D5800C920AA /* Release */ = {
			isa = XCBuildConfiguration;
			buildSettings = {
				ALWAYS_SEARCH_USER_PATHS = NO;
				CLANG_CXX_LANGUAGE_STANDARD = "gnu++0x";
				CLANG_CXX_LIBRARY = "libc++";
				CLANG_ENABLE_MODULES = YES;
				CLANG_ENABLE_OBJC_ARC = YES;
				CLANG_WARN_BOOL_CONVERSION = YES;
				CLANG_WARN_CONSTANT_CONVERSION = YES;
				CLANG_WARN_DIRECT_OBJC_ISA_USAGE = YES_ERROR;
				CLANG_WARN_EMPTY_BODY = YES;
				CLANG_WARN_ENUM_CONVERSION = YES;
				CLANG_WARN_INT_CONVERSION = YES;
				CLANG_WARN_OBJC_ROOT_CLASS = YES_ERROR;
				CLANG_WARN_UNREACHABLE_CODE = YES;
				CLANG_WARN__DUPLICATE_METHOD_MATCH = YES;
				"CODE_SIGN_IDENTITY[sdk=iphoneos*]" = "iPhone Developer";
				COPY_PHASE_STRIP = YES;
				ENABLE_NS_ASSERTIONS = NO;
				ENABLE_STRICT_OBJC_MSGSEND = YES;
				GCC_C_LANGUAGE_STANDARD = gnu99;
				GCC_WARN_64_TO_32_BIT_CONVERSION = YES;
				GCC_WARN_ABOUT_RETURN_TYPE = YES_ERROR;
				GCC_WARN_UNDECLARED_SELECTOR = YES;
				GCC_WARN_UNINITIALIZED_AUTOS = YES_AGGRESSIVE;
				GCC_WARN_UNUSED_FUNCTION = YES;
				GCC_WARN_UNUSED_VARIABLE = YES;
				IPHONEOS_DEPLOYMENT_TARGET = 8.0;
				MTL_ENABLE_DEBUG_INFO = NO;
				SDKROOT = iphoneos;
				VALIDATE_PRODUCT = YES;
			};
			name = Release;
		};
		50CEB5DA1A988D5800C920AA /* Debug */ = {
			isa = XCBuildConfiguration;
			buildSettings = {
				ASSETCATALOG_COMPILER_APPICON_NAME = AppIcon;
				FRAMEWORK_SEARCH_PATHS = (
					"$(inherited)",
					/Users/debuggerman/Documents/FacebookSDK,
					"$(PROJECT_DIR)",
				);
				INFOPLIST_FILE = "hull-scout/Info.plist";
				LD_RUNPATH_SEARCH_PATHS = "$(inherited) @executable_path/Frameworks";
				PRODUCT_NAME = "$(TARGET_NAME)";
				TARGETED_DEVICE_FAMILY = 1;
			};
			name = Debug;
		};
		50CEB5DB1A988D5800C920AA /* Release */ = {
			isa = XCBuildConfiguration;
			buildSettings = {
				ASSETCATALOG_COMPILER_APPICON_NAME = AppIcon;
				FRAMEWORK_SEARCH_PATHS = (
					"$(inherited)",
					/Users/debuggerman/Documents/FacebookSDK,
					"$(PROJECT_DIR)",
				);
				INFOPLIST_FILE = "hull-scout/Info.plist";
				LD_RUNPATH_SEARCH_PATHS = "$(inherited) @executable_path/Frameworks";
				PRODUCT_NAME = "$(TARGET_NAME)";
				TARGETED_DEVICE_FAMILY = 1;
			};
			name = Release;
		};
		50CEB5DD1A988D5800C920AA /* Debug */ = {
			isa = XCBuildConfiguration;
			buildSettings = {
				BUNDLE_LOADER = "$(TEST_HOST)";
				FRAMEWORK_SEARCH_PATHS = (
					"$(SDKROOT)/Developer/Library/Frameworks",
					"$(inherited)",
				);
				GCC_PREPROCESSOR_DEFINITIONS = (
					"DEBUG=1",
					"$(inherited)",
				);
				INFOPLIST_FILE = "hull-scoutTests/Info.plist";
				LD_RUNPATH_SEARCH_PATHS = "$(inherited) @executable_path/Frameworks @loader_path/Frameworks";
				PRODUCT_NAME = "$(TARGET_NAME)";
				TEST_HOST = "$(BUILT_PRODUCTS_DIR)/hull-scout.app/hull-scout";
			};
			name = Debug;
		};
		50CEB5DE1A988D5800C920AA /* Release */ = {
			isa = XCBuildConfiguration;
			buildSettings = {
				BUNDLE_LOADER = "$(TEST_HOST)";
				FRAMEWORK_SEARCH_PATHS = (
					"$(SDKROOT)/Developer/Library/Frameworks",
					"$(inherited)",
				);
				INFOPLIST_FILE = "hull-scoutTests/Info.plist";
				LD_RUNPATH_SEARCH_PATHS = "$(inherited) @executable_path/Frameworks @loader_path/Frameworks";
				PRODUCT_NAME = "$(TARGET_NAME)";
				TEST_HOST = "$(BUILT_PRODUCTS_DIR)/hull-scout.app/hull-scout";
			};
			name = Release;
		};
/* End XCBuildConfiguration section */

/* Begin XCConfigurationList section */
		50CEB5B11A988D5700C920AA /* Build configuration list for PBXProject "hull-scout" */ = {
			isa = XCConfigurationList;
			buildConfigurations = (
				50CEB5D71A988D5800C920AA /* Debug */,
				50CEB5D81A988D5800C920AA /* Release */,
			);
			defaultConfigurationIsVisible = 0;
			defaultConfigurationName = Release;
		};
		50CEB5D91A988D5800C920AA /* Build configuration list for PBXNativeTarget "hull-scout" */ = {
			isa = XCConfigurationList;
			buildConfigurations = (
				50CEB5DA1A988D5800C920AA /* Debug */,
				50CEB5DB1A988D5800C920AA /* Release */,
			);
			defaultConfigurationIsVisible = 0;
			defaultConfigurationName = Release;
		};
		50CEB5DC1A988D5800C920AA /* Build configuration list for PBXNativeTarget "hull-scoutTests" */ = {
			isa = XCConfigurationList;
			buildConfigurations = (
				50CEB5DD1A988D5800C920AA /* Debug */,
				50CEB5DE1A988D5800C920AA /* Release */,
			);
			defaultConfigurationIsVisible = 0;
			defaultConfigurationName = Release;
		};
/* End XCConfigurationList section */
	};
	rootObject = 50CEB5AE1A988D5700C920AA /* Project object */;
}
